PODS:
  - AFNetworking (3.2.1):
    - AFNetworking/NSURLSession (= 3.2.1)
    - AFNetworking/Reachability (= 3.2.1)
    - AFNetworking/Security (= 3.2.1)
    - AFNetworking/Serialization (= 3.2.1)
    - AFNetworking/UIKit (= 3.2.1)
  - AFNetworking/NSURLSession (3.2.1):
    - AFNetworking/Reachability
    - AFNetworking/Security
    - AFNetworking/Serialization
  - AFNetworking/Reachability (3.2.1)
  - AFNetworking/Security (3.2.1)
  - AFNetworking/Serialization (3.2.1)
  - AFNetworking/UIKit (3.2.1):
    - AFNetworking/NSURLSession
  - BRPickerView (2.5.7):
    - BRPickerView/AddressPickerView (= 2.5.7)
    - BRPickerView/Base (= 2.5.7)
    - BRPickerView/DatePickerView (= 2.5.7)
    - BRPickerView/StringPickerView (= 2.5.7)
  - BRPickerView/AddressPickerView (2.5.7):
    - BRPickerView/Base
  - BRPickerView/Base (2.5.7)
  - BRPickerView/DatePickerView (2.5.7):
    - BRPickerView/Base
  - BRPickerView/StringPickerView (2.5.7):
    - BRPickerView/Base
  - CYLTabBarController (1.28.5):
    - CYLTabBarController/Core (= 1.28.5)
  - CYLTabBarController/Core (1.28.5)
  - DZNEmptyDataSet (1.8.1)
  - IQKeyboardManager (6.5.5)
  - Masonry (1.1.0)
  - MBProgressHUD (1.1.0)
  - MJRefresh (3.3.1)
  - SDWebImage (4.4.8):
    - SDWebImage/Core (= 4.4.8)
  - SDWebImage/Core (4.4.8)
  - YYModel (1.0.4)

DEPENDENCIES:
  - AFNetworking (~> 3.0)
  - BRPickerView (~> 2.5.7)
  - CYLTabBarController
  - DZNEmptyDataSet
  - IQKeyboardManager
  - Masonry (~> 1.1.0)
  - MBProgressHUD (~> 1.1.0)
  - MJRefresh
  - SDWebImage (~> 4.0)
  - YYModel

SPEC REPOS:
  https://github.com/CocoaPods/Specs:
    - BRPickerView
  trunk:
    - AFNetworking
    - CYLTabBarController
    - DZNEmptyDataSet
    - IQKeyboardManager
    - Masonry
    - MBProgressHUD
    - MJRefresh
    - SDWebImage
    - YYModel

SPEC CHECKSUMS:
  AFNetworking: b6f891fdfaed196b46c7a83cf209e09697b94057
  BRPickerView: 4cbb953f0f64722a4424cf5656ca197dd75b47fd
  CYLTabBarController: edd9fecba9afa3f2e9e44ed50ca6dde69941f25f
  DZNEmptyDataSet: 9525833b9e68ac21c30253e1d3d7076cc828eaa7
  IQKeyboardManager: 3a8b9e603f8b0eeaf5f096a1f2b2cfcf121992ef
  Masonry: 678fab65091a9290e40e2832a55e7ab731aad201
  MBProgressHUD: e7baa36a220447d8aeb12769bf0585582f3866d9
  MJRefresh: eeda70fbf0ad277f3178cef1cd0c3532591d6237
  SDWebImage: 783af2c3fa36291a250030c4752ee370a9a51d13
  YYModel: 2a7fdd96aaa4b86a824e26d0c517de8928c04b30

PODFILE CHECKSUM: 88da04defcbca66c9a07189a2f9e89f39a9c1e26

COCOAPODS: 1.9.0
